
Microsoft Visual Studio Solution File, Format Version 12.00
# Visual Studio Version 17
VisualStudioVersion = 17.13.35828.75 d17.13
MinimumVisualStudioVersion = 10.0.40219.1
Project("{FAE04EC0-301F-11D3-BF4B-00C04F79EFBC}") = "EncryptionFiles", "EncryptionFiles.csproj", "{F79CB35C-38DD-40DA-8239-6DE0E4396549}"
EndProject
Global
	GlobalSection(SolutionConfigurationPlatforms) = preSolution
		Debug|Any CPU = Debug|Any CPU
		Release|Any CPU = Release|Any CPU
	EndGlobalSection
	GlobalSection(ProjectConfigurationPlatforms) = postSolution
		{F79CB35C-38DD-40DA-8239-6DE0E4396549}.Debug|Any CPU.ActiveCfg = Debug|Any CPU
		{F79CB35C-38DD-40DA-8239-6DE0E4396549}.Debug|Any CPU.Build.0 = Debug|Any CPU
		{F79CB35C-38DD-40DA-8239-6DE0E4396549}.Release|Any CPU.ActiveCfg = Release|Any CPU
		{F79CB35C-38DD-40DA-8239-6DE0E4396549}.Release|Any CPU.Build.0 = Release|Any CPU
	EndGlobalSection
	GlobalSection(SolutionProperties) = preSolution
		HideSolutionNode = FALSE
	EndGlobalSection
	GlobalSection(ExtensibilityGlobals) = postSolution
		SolutionGuid = {B0CA9A19-3BDF-4F9D-A679-D16BD4F52B16}
	EndGlobalSection
EndGlobal
